
Microsoft Visual Studio Solution File, Format Version 12.00
# Visual Studio Version 16
VisualStudioVersion = 16.0.29306.81
MinimumVisualStudioVersion = 10.0.40219.1
Project("{FAE04EC0-301F-11D3-BF4B-00C04F79EFBC}") = "AlgorithmPrograms", "AlgorithmPrograms\AlgorithmPrograms.csproj", "{3E5ED1BA-66AA-4261-8F32-95A3913DA768}"
EndProject
Global
	GlobalSection(SolutionConfigurationPlatforms) = preSolution
		Debug|Any CPU = Debug|Any CPU
		Release|Any CPU = Release|Any CPU
	EndGlobalSection
	GlobalSection(ProjectConfigurationPlatforms) = postSolution
		{3E5ED1BA-66AA-4261-8F32-95A3913DA768}.Debug|Any CPU.ActiveCfg = Debug|Any CPU
		{3E5ED1BA-66AA-4261-8F32-95A3913DA768}.Debug|Any CPU.Build.0 = Debug|Any CPU
		{3E5ED1BA-66AA-4261-8F32-95A3913DA768}.Release|Any CPU.ActiveCfg = Release|Any CPU
		{3E5ED1BA-66AA-4261-8F32-95A3913DA768}.Release|Any CPU.Build.0 = Release|Any CPU
	EndGlobalSection
	GlobalSection(SolutionProperties) = preSolution
		HideSolutionNode = FALSE
	EndGlobalSection
	GlobalSection(ExtensibilityGlobals) = postSolution
		SolutionGuid = {E796655C-8FDC-4330-8EA7-2CDAAC71541B}
	EndGlobalSection
EndGlobal
