
Microsoft Visual Studio Solution File, Format Version 12.00
# Visual Studio Version 16
VisualStudioVersion = 16.0.29306.81
MinimumVisualStudioVersion = 10.0.40219.1
Project("{FAE04EC0-301F-11D3-BF4B-00C04F79EFBC}") = "EmployeeManagement", "EmployeeManagement\EmployeeManagement.csproj", "{D3B44D84-6D90-4554-84AE-423310E6C361}"
EndProject
Global
	GlobalSection(SolutionConfigurationPlatforms) = preSolution
		Debug|Any CPU = Debug|Any CPU
		Release|Any CPU = Release|Any CPU
	EndGlobalSection
	GlobalSection(ProjectConfigurationPlatforms) = postSolution
		{D3B44D84-6D90-4554-84AE-423310E6C361}.Debug|Any CPU.ActiveCfg = Debug|Any CPU
		{D3B44D84-6D90-4554-84AE-423310E6C361}.Debug|Any CPU.Build.0 = Debug|Any CPU
		{D3B44D84-6D90-4554-84AE-423310E6C361}.Release|Any CPU.ActiveCfg = Release|Any CPU
		{D3B44D84-6D90-4554-84AE-423310E6C361}.Release|Any CPU.Build.0 = Release|Any CPU
	EndGlobalSection
	GlobalSection(SolutionProperties) = preSolution
		HideSolutionNode = FALSE
	EndGlobalSection
	GlobalSection(ExtensibilityGlobals) = postSolution
		SolutionGuid = {27A07017-9AB3-4CD0-B7F5-D647C62658E2}
	EndGlobalSection
EndGlobal
